
Microsoft Visual Studio Solution File, Format Version 12.00
# Visual Studio Version 17
VisualStudioVersion = 17.8.34322.80
MinimumVisualStudioVersion = 10.0.40219.1
Project("{FAE04EC0-301F-11D3-BF4B-00C04F79EFBC}") = "BankingSystem", "BankingSystem.csproj", "{5EEFFDCD-BACC-4D8F-A755-83F4E1B4BA5B}"
EndProject
Global
	GlobalSection(SolutionConfigurationPlatforms) = preSolution
		Debug|Any CPU = Debug|Any CPU
		Release|Any CPU = Release|Any CPU
	EndGlobalSection
	GlobalSection(ProjectConfigurationPlatforms) = postSolution
		{5EEFFDCD-BACC-4D8F-A755-83F4E1B4BA5B}.Debug|Any CPU.ActiveCfg = Debug|Any CPU
		{5EEFFDCD-BACC-4D8F-A755-83F4E1B4BA5B}.Debug|Any CPU.Build.0 = Debug|Any CPU
		{5EEFFDCD-BACC-4D8F-A755-83F4E1B4BA5B}.Release|Any CPU.ActiveCfg = Release|Any CPU
		{5EEFFDCD-BACC-4D8F-A755-83F4E1B4BA5B}.Release|Any CPU.Build.0 = Release|Any CPU
	EndGlobalSection
	GlobalSection(SolutionProperties) = preSolution
		HideSolutionNode = FALSE
	EndGlobalSection
	GlobalSection(ExtensibilityGlobals) = postSolution
		SolutionGuid = {7962D763-B142-4834-8D4F-92463020B8E4}
	EndGlobalSection
EndGlobal
